<?xml version="1.0" encoding="utf-8"?>
<Project ToolsVersion="4.0" xmlns="http://schemas.microsoft.com/developer/msbuild/2003">
  <ItemGroup>
    <Filter Include="Source Files">
      <UniqueIdentifier>{4FC737F1-C7A5-4376-A066-2A32D752A2FF}</UniqueIdentifier>
      <Extensions>cpp;c;cc;cxx;def;odl;idl;hpj;bat;asm;asmx</Extensions>
    </Filter>
    <Filter Include="Header Files">
      <UniqueIdentifier>{93995380-89BD-4b04-88EB-625FBE52EBFB}</UniqueIdentifier>
      <Extensions>h;hh;hpp;hxx;hm;inl;inc;ipp;xsd</Extensions>
    </Filter>
    <Filter Include="Resource Files">
      <UniqueIdentifier>{67DA6AB6-F800-4c08-8B7A-83BB121AAD01}</UniqueIdentifier>
      <Extensions>rc;ico;cur;bmp;dlg;rc2;rct;bin;rgs;gif;jpg;jpeg;jpe;resx;tiff;tif;png;wav;mfcribbon-ms</Extensions>
    </Filter>
    <Filter Include="Shader">
      <UniqueIdentifier>{d1277170-9bc4-47b4-a0ee-a662f66fb994}</UniqueIdentifier>
    </Filter>
    <Filter Include="ImGui">
      <UniqueIdentifier>{0c250646-bb88-4694-90b0-2a02521904b9}</UniqueIdentifier>
    </Filter>
    <Filter Include="Header Files\Pipelines">
      <UniqueIdentifier>{80770c5d-8fff-4354-8f23-98cea33910ae}</UniqueIdentifier>
    </Filter>
    <Filter Include="Source Files\Pipelines">
      <UniqueIdentifier>{d45f75e9-73f0-4b92-b408-2ba1df828dbc}</UniqueIdentifier>
    </Filter>
  </ItemGroup>
  <ItemGroup>
    <ClCompile Include="Main.cpp">
      <Filter>Source Files</Filter>
    </ClCompile>
    <ClCompile Include="camera.cpp">
      <Filter>Source Files</Filter>
    </ClCompile>
    <ClCompile Include="CubeMapTexture.cpp">
      <Filter>Source Files</Filter>
    </ClCompile>
    <ClCompile Include="Texture2D.cpp">
      <Filter>Source Files</Filter>
    </ClCompile>
    <ClCompile Include="Texture.cpp">
      <Filter>Source Files</Filter>
    </ClCompile>
    <ClCompile Include="InputAttachment.cpp">
      <Filter>Source Files</Filter>
    </ClCompile>
    <ClCompile Include="FrameBuffer.cpp">
      <Filter>Source Files</Filter>
    </ClCompile>
    <ClCompile Include="VulkanDebugger.cpp">
      <Filter>Source Files</Filter>
    </ClCompile>
    <ClCompile Include="VulkanWindow.cpp">
      <Filter>Source Files</Filter>
    </ClCompile>
    <ClCompile Include="GraphicsPipeline.cpp">
      <Filter>Source Files</Filter>
    </ClCompile>
    <ClCompile Include="BaseMesh.cpp">
      <Filter>Source Files</Filter>
    </ClCompile>
    <ClCompile Include="Mesh.cpp">
      <Filter>Source Files</Filter>
    </ClCompile>
    <ClCompile Include="Model.cpp">
      <Filter>Source Files</Filter>
    </ClCompile>
    <ClCompile Include="ModelLoader.cpp">
      <Filter>Source Files</Filter>
    </ClCompile>
    <ClCompile Include="DeferredRenderer.cpp">
      <Filter>Source Files</Filter>
    </ClCompile>
    <ClCompile Include="VulkanGraphics.cpp">
      <Filter>Source Files</Filter>
    </ClCompile>
    <ClCompile Include="SkyBox.cpp">
      <Filter>Source Files</Filter>
    </ClCompile>
    <ClCompile Include="ImGui\imgui.cpp">
      <Filter>ImGui</Filter>
    </ClCompile>
    <ClCompile Include="ImGui\imgui_demo.cpp">
      <Filter>ImGui</Filter>
    </ClCompile>
    <ClCompile Include="ImGui\imgui_draw.cpp">
      <Filter>ImGui</Filter>
    </ClCompile>
    <ClCompile Include="ImGui\imgui_widgets.cpp">
      <Filter>ImGui</Filter>
    </ClCompile>
    <ClCompile Include="ImGui\imgui_impl_glfw.cpp">
      <Filter>ImGui</Filter>
    </ClCompile>
    <ClCompile Include="ImGui\imgui_impl_vulkan.cpp">
      <Filter>ImGui</Filter>
    </ClCompile>
    <ClCompile Include="VulkanSwapChain.cpp">
      <Filter>Source Files</Filter>
    </ClCompile>
    <ClCompile Include="GUIDebugger.cpp">
      <Filter>Source Files</Filter>
    </ClCompile>
    <ClCompile Include="VulkanResources.cpp">
      <Filter>Source Files</Filter>
    </ClCompile>
    <ClCompile Include="Cube.cpp">
      <Filter>Source Files</Filter>
    </ClCompile>
    <ClCompile Include="Sphere.cpp">
      <Filter>Source Files</Filter>
    </ClCompile>
    <ClCompile Include="UniformBuffer.cpp">
      <Filter>Source Files</Filter>
    </ClCompile>
    <ClCompile Include="DebugLightMesh.cpp">
      <Filter>Source Files</Filter>
    </ClCompile>
    <ClCompile Include="DirectionalLight.cpp">
      <Filter>Source Files</Filter>
    </ClCompile>
    <ClCompile Include="PointLight.cpp">
      <Filter>Source Files</Filter>
    </ClCompile>
    <ClCompile Include="SpotLight.cpp">
      <Filter>Source Files</Filter>
    </ClCompile>
    <ClCompile Include="LightManager.cpp">
      <Filter>Source Files</Filter>
    </ClCompile>
    <ClCompile Include="DebugLightRenderingPipeline.cpp">
      <Filter>Source Files\Pipelines</Filter>
    </ClCompile>
    <ClCompile Include="DifferedRenderingPipeline.cpp">
      <Filter>Source Files\Pipelines</Filter>
    </ClCompile>
    <ClCompile Include="ForwardRenderingPipeline.cpp">
      <Filter>Source Files\Pipelines</Filter>
    </ClCompile>
    <ClCompile Include="FrameBufferRenderingPipeline.cpp">
      <Filter>Source Files\Pipelines</Filter>
    </ClCompile>
    <ClCompile Include="Renderer2DPipeline.cpp">
      <Filter>Source Files\Pipelines</Filter>
    </ClCompile>
    <ClCompile Include="SkyBoxPipeline.cpp">
      <Filter>Source Files\Pipelines</Filter>
    </ClCompile>
    <ClCompile Include="Keyboard.cpp">
      <Filter>Source Files</Filter>
    </ClCompile>
    <ClCompile Include="Mouse.cpp">
      <Filter>Source Files</Filter>
    </ClCompile>
    <ClCompile Include="WireFramePipeline.cpp">
      <Filter>Source Files\Pipelines</Filter>
    </ClCompile>
    <ClCompile Include="Level2D.cpp">
      <Filter>Source Files</Filter>
    </ClCompile>
    <ClCompile Include="RendererBase.cpp">
      <Filter>Source Files</Filter>
    </ClCompile>
    <ClCompile Include="Renderer.cpp">
      <Filter>Source Files</Filter>
    </ClCompile>
    <ClCompile Include="VulkanGraphics2D.cpp">
      <Filter>Source Files</Filter>
    </ClCompile>
    <ClCompile Include="Sprite.cpp">
      <Filter>Source Files</Filter>
    </ClCompile>
    <ClCompile Include="LevelMesh2D.cpp">
      <Filter>Source Files</Filter>
    </ClCompile>
  </ItemGroup>
  <ItemGroup>
    <None Include="Shaders\SkyboxShader.frag">
      <Filter>Shader</Filter>
    </None>
    <None Include="Shaders\SkyboxShader.vert">
      <Filter>Shader</Filter>
    </None>
    <None Include="Shaders\ForwardRendererShader.vert">
      <Filter>Shader</Filter>
    </None>
    <None Include="Shaders\ForwardRendererShader.frag">
      <Filter>Shader</Filter>
    </None>
    <None Include="Shaders\Renderer2DShader.frag">
      <Filter>Shader</Filter>
    </None>
    <None Include="Shaders\Renderer2DShader.vert">
      <Filter>Shader</Filter>
    </None>
    <None Include="Shaders\DifferedRenderingShader.frag">
      <Filter>Shader</Filter>
    </None>
    <None Include="Shaders\DifferedRenderingShader.vert">
      <Filter>Shader</Filter>
    </None>
    <None Include="Shaders\WireFrameShader.frag">
      <Filter>Shader</Filter>
    </None>
    <None Include="Shaders\WireFrameShader.vert">
      <Filter>Shader</Filter>
    </None>
    <None Include="Shaders\FrameBufferShader.frag">
      <Filter>Shader</Filter>
    </None>
    <None Include="Shaders\FrameBufferShader.vert">
      <Filter>Shader</Filter>
    </None>
    <None Include="Shaders\DebugLightShader.vert">
      <Filter>Shader</Filter>
    </None>
    <None Include="Shaders\DebugLightShader.frag">
      <Filter>Shader</Filter>
    </None>
  </ItemGroup>
  <ItemGroup>
    <ClInclude Include="camera.h">
      <Filter>Header Files</Filter>
    </ClInclude>
    <ClInclude Include="VulkanBufferManager.h">
      <Filter>Header Files</Filter>
    </ClInclude>
    <ClInclude Include="CubeMapTexture.h">
      <Filter>Header Files</Filter>
    </ClInclude>
    <ClInclude Include="Texture2D.h">
      <Filter>Header Files</Filter>
    </ClInclude>
    <ClInclude Include="Texture.h">
      <Filter>Header Files</Filter>
    </ClInclude>
    <ClInclude Include="InputAttachment.h">
      <Filter>Header Files</Filter>
    </ClInclude>
    <ClInclude Include="FrameBuffer.h">
      <Filter>Header Files</Filter>
    </ClInclude>
    <ClInclude Include="VulkanDebugger.h">
      <Filter>Header Files</Filter>
    </ClInclude>
    <ClInclude Include="VulkanWindow.h">
      <Filter>Header Files</Filter>
    </ClInclude>
    <ClInclude Include="Structs.h">
      <Filter>Header Files</Filter>
    </ClInclude>
    <ClInclude Include="GraphicsPipeline.h">
      <Filter>Header Files</Filter>
    </ClInclude>
    <ClInclude Include="BaseMesh.h">
      <Filter>Header Files</Filter>
    </ClInclude>
    <ClInclude Include="Mesh.h">
      <Filter>Header Files</Filter>
    </ClInclude>
    <ClInclude Include="Model.h">
      <Filter>Header Files</Filter>
    </ClInclude>
    <ClInclude Include="ModelLoader.h">
      <Filter>Header Files</Filter>
    </ClInclude>
    <ClInclude Include="DeferredRenderer.h">
      <Filter>Header Files</Filter>
    </ClInclude>
    <ClInclude Include="Vertex.h">
      <Filter>Header Files</Filter>
    </ClInclude>
    <ClInclude Include="VulkanGraphics.h">
      <Filter>Header Files</Filter>
    </ClInclude>
    <ClInclude Include="SkyBox.h">
      <Filter>Header Files</Filter>
    </ClInclude>
    <ClInclude Include="ImGui\imconfig.h">
      <Filter>ImGui</Filter>
    </ClInclude>
    <ClInclude Include="ImGui\imgui.h">
      <Filter>ImGui</Filter>
    </ClInclude>
    <ClInclude Include="ImGui\imgui_internal.h">
      <Filter>ImGui</Filter>
    </ClInclude>
    <ClInclude Include="ImGui\imstb_rectpack.h">
      <Filter>ImGui</Filter>
    </ClInclude>
    <ClInclude Include="ImGui\imstb_textedit.h">
      <Filter>ImGui</Filter>
    </ClInclude>
    <ClInclude Include="ImGui\imstb_truetype.h">
      <Filter>ImGui</Filter>
    </ClInclude>
    <ClInclude Include="ImGui\imgui_impl_glfw.h">
      <Filter>ImGui</Filter>
    </ClInclude>
    <ClInclude Include="ImGui\imgui_impl_vulkan.h">
      <Filter>ImGui</Filter>
    </ClInclude>
    <ClInclude Include="VulkanSwapChain.h">
      <Filter>Header Files</Filter>
    </ClInclude>
    <ClInclude Include="GUIDebugger.h">
      <Filter>Header Files</Filter>
    </ClInclude>
    <ClInclude Include="VulkanResources.h">
      <Filter>Header Files</Filter>
    </ClInclude>
    <ClInclude Include="Cube.h">
      <Filter>Header Files</Filter>
    </ClInclude>
    <ClInclude Include="Sphere.h">
      <Filter>Header Files</Filter>
    </ClInclude>
    <ClInclude Include="Light.h">
      <Filter>Header Files</Filter>
    </ClInclude>
    <ClInclude Include="UniformBuffer.h">
      <Filter>Header Files</Filter>
    </ClInclude>
    <ClInclude Include="DebugLightMesh.h">
      <Filter>Header Files</Filter>
    </ClInclude>
    <ClInclude Include="DirectionalLight.h">
      <Filter>Header Files</Filter>
    </ClInclude>
    <ClInclude Include="PointLight.h">
      <Filter>Header Files</Filter>
    </ClInclude>
    <ClInclude Include="SpotLight.h">
      <Filter>Header Files</Filter>
    </ClInclude>
    <ClInclude Include="LightStructs.h">
      <Filter>Header Files</Filter>
    </ClInclude>
    <ClInclude Include="LightManager.h">
      <Filter>Header Files</Filter>
    </ClInclude>
    <ClInclude Include="DebugLightRenderingPipeline.h">
      <Filter>Header Files\Pipelines</Filter>
    </ClInclude>
    <ClInclude Include="DifferedRenderingPipeline.h">
      <Filter>Header Files\Pipelines</Filter>
    </ClInclude>
    <ClInclude Include="ForwardRenderingPipeline.h">
      <Filter>Header Files\Pipelines</Filter>
    </ClInclude>
    <ClInclude Include="FrameBufferRenderingPipeline.h">
      <Filter>Header Files\Pipelines</Filter>
    </ClInclude>
    <ClInclude Include="Renderer2DPipeline.h">
      <Filter>Header Files\Pipelines</Filter>
    </ClInclude>
    <ClInclude Include="SkyBoxPipeline.h">
      <Filter>Header Files\Pipelines</Filter>
    </ClInclude>
    <ClInclude Include="Keyboard.h">
      <Filter>Header Files</Filter>
    </ClInclude>
    <ClInclude Include="Mouse.h">
      <Filter>Header Files</Filter>
    </ClInclude>
    <ClInclude Include="VulkanGraphics2D.h">
      <Filter>Header Files</Filter>
    </ClInclude>
    <ClInclude Include="WireFramePipeline.h">
      <Filter>Header Files\Pipelines</Filter>
    </ClInclude>
    <ClInclude Include="Level2D.h">
      <Filter>Header Files</Filter>
    </ClInclude>
    <ClInclude Include="RendererBase.h">
      <Filter>Header Files</Filter>
    </ClInclude>
    <ClInclude Include="Renderer.h">
      <Filter>Header Files</Filter>
    </ClInclude>
    <ClInclude Include="Sprite.h">
      <Filter>Header Files</Filter>
    </ClInclude>
    <ClInclude Include="LevelMesh2D.h">
      <Filter>Header Files</Filter>
    </ClInclude>
  </ItemGroup>
  <ItemGroup>
    <Image Include="texture\skybox\back.jpg">
      <Filter>Resource Files</Filter>
    </Image>
  </ItemGroup>
</Project>